
Microsoft Visual Studio Solution File, Format Version 12.00
# Visual Studio 15
VisualStudioVersion = 15.0.28307.136
MinimumVisualStudioVersion = 10.0.40219.1
Project("{FAE04EC0-301F-11D3-BF4B-00C04F79EFBC}") = "TeaApp.Android", "TeaApp\TeaApp.Android\TeaApp.Android.csproj", "{3B207E84-2061-490E-9F8A-0584F72E016B}"
EndProject
Project("{FAE04EC0-301F-11D3-BF4B-00C04F79EFBC}") = "TeaApp.iOS", "TeaApp\TeaApp.iOS\TeaApp.iOS.csproj", "{E4BAC03B-F999-4DB4-A3AC-9DE0BF842032}"
EndProject
Project("{FAE04EC0-301F-11D3-BF4B-00C04F79EFBC}") = "TeaApp", "TeaApp\TeaApp\TeaApp.csproj", "{E7250266-8CC9-4D54-B8AE-89F739C31C4A}"
EndProject
Global
	GlobalSection(SolutionConfigurationPlatforms) = preSolution
		Ad-Hoc|Any CPU = Ad-Hoc|Any CPU
		Ad-Hoc|iPhone = Ad-Hoc|iPhone
		Ad-Hoc|iPhoneSimulator = Ad-Hoc|iPhoneSimulator
		AppStore|Any CPU = AppStore|Any CPU
		AppStore|iPhone = AppStore|iPhone
		AppStore|iPhoneSimulator = AppStore|iPhoneSimulator
		Debug|Any CPU = Debug|Any CPU
		Debug|iPhone = Debug|iPhone
		Debug|iPhoneSimulator = Debug|iPhoneSimulator
		Release|Any CPU = Release|Any CPU
		Release|iPhone = Release|iPhone
		Release|iPhoneSimulator = Release|iPhoneSimulator
	EndGlobalSection
	GlobalSection(ProjectConfigurationPlatforms) = postSolution
		{3B207E84-2061-490E-9F8A-0584F72E016B}.Ad-Hoc|Any CPU.ActiveCfg = Release|Any CPU
		{3B207E84-2061-490E-9F8A-0584F72E016B}.Ad-Hoc|Any CPU.Build.0 = Release|Any CPU
		{3B207E84-2061-490E-9F8A-0584F72E016B}.Ad-Hoc|Any CPU.Deploy.0 = Release|Any CPU
		{3B207E84-2061-490E-9F8A-0584F72E016B}.Ad-Hoc|iPhone.ActiveCfg = Release|Any CPU
		{3B207E84-2061-490E-9F8A-0584F72E016B}.Ad-Hoc|iPhone.Build.0 = Release|Any CPU
		{3B207E84-2061-490E-9F8A-0584F72E016B}.Ad-Hoc|iPhone.Deploy.0 = Release|Any CPU
		{3B207E84-2061-490E-9F8A-0584F72E016B}.Ad-Hoc|iPhoneSimulator.ActiveCfg = Release|Any CPU
		{3B207E84-2061-490E-9F8A-0584F72E016B}.Ad-Hoc|iPhoneSimulator.Build.0 = Release|Any CPU
		{3B207E84-2061-490E-9F8A-0584F72E016B}.Ad-Hoc|iPhoneSimulator.Deploy.0 = Release|Any CPU
		{3B207E84-2061-490E-9F8A-0584F72E016B}.AppStore|Any CPU.ActiveCfg = Release|Any CPU
		{3B207E84-2061-490E-9F8A-0584F72E016B}.AppStore|Any CPU.Build.0 = Release|Any CPU
		{3B207E84-2061-490E-9F8A-0584F72E016B}.AppStore|Any CPU.Deploy.0 = Release|Any CPU
		{3B207E84-2061-490E-9F8A-0584F72E016B}.AppStore|iPhone.ActiveCfg = Release|Any CPU
		{3B207E84-2061-490E-9F8A-0584F72E016B}.AppStore|iPhone.Build.0 = Release|Any CPU
		{3B207E84-2061-490E-9F8A-0584F72E016B}.AppStore|iPhone.Deploy.0 = Release|Any CPU
		{3B207E84-2061-490E-9F8A-0584F72E016B}.AppStore|iPhoneSimulator.ActiveCfg = Release|Any CPU
		{3B207E84-2061-490E-9F8A-0584F72E016B}.AppStore|iPhoneSimulator.Build.0 = Release|Any CPU
		{3B207E84-2061-490E-9F8A-0584F72E016B}.AppStore|iPhoneSimulator.Deploy.0 = Release|Any CPU
		{3B207E84-2061-490E-9F8A-0584F72E016B}.Debug|Any CPU.ActiveCfg = Debug|Any CPU
		{3B207E84-2061-490E-9F8A-0584F72E016B}.Debug|Any CPU.Build.0 = Debug|Any CPU
		{3B207E84-2061-490E-9F8A-0584F72E016B}.Debug|Any CPU.Deploy.0 = Debug|Any CPU
		{3B207E84-2061-490E-9F8A-0584F72E016B}.Debug|iPhone.ActiveCfg = Debug|Any CPU
		{3B207E84-2061-490E-9F8A-0584F72E016B}.Debug|iPhone.Build.0 = Debug|Any CPU
		{3B207E84-2061-490E-9F8A-0584F72E016B}.Debug|iPhone.Deploy.0 = Debug|Any CPU
		{3B207E84-2061-490E-9F8A-0584F72E016B}.Debug|iPhoneSimulator.ActiveCfg = Debug|Any CPU
		{3B207E84-2061-490E-9F8A-0584F72E016B}.Debug|iPhoneSimulator.Build.0 = Debug|Any CPU
		{3B207E84-2061-490E-9F8A-0584F72E016B}.Debug|iPhoneSimulator.Deploy.0 = Debug|Any CPU
		{3B207E84-2061-490E-9F8A-0584F72E016B}.Release|Any CPU.ActiveCfg = Release|Any CPU
		{3B207E84-2061-490E-9F8A-0584F72E016B}.Release|Any CPU.Build.0 = Release|Any CPU
		{3B207E84-2061-490E-9F8A-0584F72E016B}.Release|Any CPU.Deploy.0 = Release|Any CPU
		{3B207E84-2061-490E-9F8A-0584F72E016B}.Release|iPhone.ActiveCfg = Release|Any CPU
		{3B207E84-2061-490E-9F8A-0584F72E016B}.Release|iPhone.Build.0 = Release|Any CPU
		{3B207E84-2061-490E-9F8A-0584F72E016B}.Release|iPhone.Deploy.0 = Release|Any CPU
		{3B207E84-2061-490E-9F8A-0584F72E016B}.Release|iPhoneSimulator.ActiveCfg = Release|Any CPU
		{3B207E84-2061-490E-9F8A-0584F72E016B}.Release|iPhoneSimulator.Build.0 = Release|Any CPU
		{3B207E84-2061-490E-9F8A-0584F72E016B}.Release|iPhoneSimulator.Deploy.0 = Release|Any CPU
		{E4BAC03B-F999-4DB4-A3AC-9DE0BF842032}.Ad-Hoc|Any CPU.ActiveCfg = Ad-Hoc|iPhone
		{E4BAC03B-F999-4DB4-A3AC-9DE0BF842032}.Ad-Hoc|Any CPU.Build.0 = Ad-Hoc|iPhone
		{E4BAC03B-F999-4DB4-A3AC-9DE0BF842032}.Ad-Hoc|Any CPU.Deploy.0 = Ad-Hoc|iPhone
		{E4BAC03B-F999-4DB4-A3AC-9DE0BF842032}.Ad-Hoc|iPhone.ActiveCfg = Ad-Hoc|iPhone
		{E4BAC03B-F999-4DB4-A3AC-9DE0BF842032}.Ad-Hoc|iPhone.Build.0 = Ad-Hoc|iPhone
		{E4BAC03B-F999-4DB4-A3AC-9DE0BF842032}.Ad-Hoc|iPhone.Deploy.0 = Ad-Hoc|iPhone
		{E4BAC03B-F999-4DB4-A3AC-9DE0BF842032}.Ad-Hoc|iPhoneSimulator.ActiveCfg = Ad-Hoc|iPhoneSimulator
		{E4BAC03B-F999-4DB4-A3AC-9DE0BF842032}.Ad-Hoc|iPhoneSimulator.Build.0 = Ad-Hoc|iPhoneSimulator
		{E4BAC03B-F999-4DB4-A3AC-9DE0BF842032}.Ad-Hoc|iPhoneSimulator.Deploy.0 = Ad-Hoc|iPhoneSimulator
		{E4BAC03B-F999-4DB4-A3AC-9DE0BF842032}.AppStore|Any CPU.ActiveCfg = AppStore|iPhone
		{E4BAC03B-F999-4DB4-A3AC-9DE0BF842032}.AppStore|Any CPU.Build.0 = AppStore|iPhone
		{E4BAC03B-F999-4DB4-A3AC-9DE0BF842032}.AppStore|Any CPU.Deploy.0 = AppStore|iPhone
		{E4BAC03B-F999-4DB4-A3AC-9DE0BF842032}.AppStore|iPhone.ActiveCfg = AppStore|iPhone
		{E4BAC03B-F999-4DB4-A3AC-9DE0BF842032}.AppStore|iPhone.Build.0 = AppStore|iPhone
		{E4BAC03B-F999-4DB4-A3AC-9DE0BF842032}.AppStore|iPhone.Deploy.0 = AppStore|iPhone
		{E4BAC03B-F999-4DB4-A3AC-9DE0BF842032}.AppStore|iPhoneSimulator.ActiveCfg = AppStore|iPhoneSimulator
		{E4BAC03B-F999-4DB4-A3AC-9DE0BF842032}.AppStore|iPhoneSimulator.Build.0 = AppStore|iPhoneSimulator
		{E4BAC03B-F999-4DB4-A3AC-9DE0BF842032}.AppStore|iPhoneSimulator.Deploy.0 = AppStore|iPhoneSimulator
		{E4BAC03B-F999-4DB4-A3AC-9DE0BF842032}.Debug|Any CPU.ActiveCfg = Debug|iPhoneSimulator
		{E4BAC03B-F999-4DB4-A3AC-9DE0BF842032}.Debug|Any CPU.Build.0 = Debug|iPhoneSimulator
		{E4BAC03B-F999-4DB4-A3AC-9DE0BF842032}.Debug|Any CPU.Deploy.0 = Debug|iPhoneSimulator
		{E4BAC03B-F999-4DB4-A3AC-9DE0BF842032}.Debug|iPhone.ActiveCfg = Debug|iPhone
		{E4BAC03B-F999-4DB4-A3AC-9DE0BF842032}.Debug|iPhone.Build.0 = Debug|iPhone
		{E4BAC03B-F999-4DB4-A3AC-9DE0BF842032}.Debug|iPhone.Deploy.0 = Debug|iPhone
		{E4BAC03B-F999-4DB4-A3AC-9DE0BF842032}.Debug|iPhoneSimulator.ActiveCfg = Debug|iPhoneSimulator
		{E4BAC03B-F999-4DB4-A3AC-9DE0BF842032}.Debug|iPhoneSimulator.Build.0 = Debug|iPhoneSimulator
		{E4BAC03B-F999-4DB4-A3AC-9DE0BF842032}.Debug|iPhoneSimulator.Deploy.0 = Debug|iPhoneSimulator
		{E4BAC03B-F999-4DB4-A3AC-9DE0BF842032}.Release|Any CPU.ActiveCfg = Release|iPhone
		{E4BAC03B-F999-4DB4-A3AC-9DE0BF842032}.Release|Any CPU.Build.0 = Release|iPhone
		{E4BAC03B-F999-4DB4-A3AC-9DE0BF842032}.Release|Any CPU.Deploy.0 = Release|iPhone
		{E4BAC03B-F999-4DB4-A3AC-9DE0BF842032}.Release|iPhone.ActiveCfg = Release|iPhone
		{E4BAC03B-F999-4DB4-A3AC-9DE0BF842032}.Release|iPhone.Build.0 = Release|iPhone
		{E4BAC03B-F999-4DB4-A3AC-9DE0BF842032}.Release|iPhone.Deploy.0 = Release|iPhone
		{E4BAC03B-F999-4DB4-A3AC-9DE0BF842032}.Release|iPhoneSimulator.ActiveCfg = Release|iPhoneSimulator
		{E4BAC03B-F999-4DB4-A3AC-9DE0BF842032}.Release|iPhoneSimulator.Build.0 = Release|iPhoneSimulator
		{E4BAC03B-F999-4DB4-A3AC-9DE0BF842032}.Release|iPhoneSimulator.Deploy.0 = Release|iPhoneSimulator
		{E7250266-8CC9-4D54-B8AE-89F739C31C4A}.Ad-Hoc|Any CPU.ActiveCfg = Debug|Any CPU
		{E7250266-8CC9-4D54-B8AE-89F739C31C4A}.Ad-Hoc|Any CPU.Build.0 = Debug|Any CPU
		{E7250266-8CC9-4D54-B8AE-89F739C31C4A}.Ad-Hoc|Any CPU.Deploy.0 = Debug|Any CPU
		{E7250266-8CC9-4D54-B8AE-89F739C31C4A}.Ad-Hoc|iPhone.ActiveCfg = Debug|Any CPU
		{E7250266-8CC9-4D54-B8AE-89F739C31C4A}.Ad-Hoc|iPhone.Build.0 = Debug|Any CPU
		{E7250266-8CC9-4D54-B8AE-89F739C31C4A}.Ad-Hoc|iPhone.Deploy.0 = Debug|Any CPU
		{E7250266-8CC9-4D54-B8AE-89F739C31C4A}.Ad-Hoc|iPhoneSimulator.ActiveCfg = Debug|Any CPU
		{E7250266-8CC9-4D54-B8AE-89F739C31C4A}.Ad-Hoc|iPhoneSimulator.Build.0 = Debug|Any CPU
		{E7250266-8CC9-4D54-B8AE-89F739C31C4A}.Ad-Hoc|iPhoneSimulator.Deploy.0 = Debug|Any CPU
		{E7250266-8CC9-4D54-B8AE-89F739C31C4A}.AppStore|Any CPU.ActiveCfg = Debug|Any CPU
		{E7250266-8CC9-4D54-B8AE-89F739C31C4A}.AppStore|Any CPU.Build.0 = Debug|Any CPU
		{E7250266-8CC9-4D54-B8AE-89F739C31C4A}.AppStore|Any CPU.Deploy.0 = Debug|Any CPU
		{E7250266-8CC9-4D54-B8AE-89F739C31C4A}.AppStore|iPhone.ActiveCfg = Debug|Any CPU
		{E7250266-8CC9-4D54-B8AE-89F739C31C4A}.AppStore|iPhone.Build.0 = Debug|Any CPU
		{E7250266-8CC9-4D54-B8AE-89F739C31C4A}.AppStore|iPhone.Deploy.0 = Debug|Any CPU
		{E7250266-8CC9-4D54-B8AE-89F739C31C4A}.AppStore|iPhoneSimulator.ActiveCfg = Debug|Any CPU
		{E7250266-8CC9-4D54-B8AE-89F739C31C4A}.AppStore|iPhoneSimulator.Build.0 = Debug|Any CPU
		{E7250266-8CC9-4D54-B8AE-89F739C31C4A}.AppStore|iPhoneSimulator.Deploy.0 = Debug|Any CPU
		{E7250266-8CC9-4D54-B8AE-89F739C31C4A}.Debug|Any CPU.ActiveCfg = Debug|Any CPU
		{E7250266-8CC9-4D54-B8AE-89F739C31C4A}.Debug|Any CPU.Build.0 = Debug|Any CPU
		{E7250266-8CC9-4D54-B8AE-89F739C31C4A}.Debug|Any CPU.Deploy.0 = Debug|Any CPU
		{E7250266-8CC9-4D54-B8AE-89F739C31C4A}.Debug|iPhone.ActiveCfg = Debug|Any CPU
		{E7250266-8CC9-4D54-B8AE-89F739C31C4A}.Debug|iPhone.Build.0 = Debug|Any CPU
		{E7250266-8CC9-4D54-B8AE-89F739C31C4A}.Debug|iPhone.Deploy.0 = Debug|Any CPU
		{E7250266-8CC9-4D54-B8AE-89F739C31C4A}.Debug|iPhoneSimulator.ActiveCfg = Debug|Any CPU
		{E7250266-8CC9-4D54-B8AE-89F739C31C4A}.Debug|iPhoneSimulator.Build.0 = Debug|Any CPU
		{E7250266-8CC9-4D54-B8AE-89F739C31C4A}.Debug|iPhoneSimulator.Deploy.0 = Debug|Any CPU
		{E7250266-8CC9-4D54-B8AE-89F739C31C4A}.Release|Any CPU.ActiveCfg = Release|Any CPU
		{E7250266-8CC9-4D54-B8AE-89F739C31C4A}.Release|Any CPU.Build.0 = Release|Any CPU
		{E7250266-8CC9-4D54-B8AE-89F739C31C4A}.Release|Any CPU.Deploy.0 = Release|Any CPU
		{E7250266-8CC9-4D54-B8AE-89F739C31C4A}.Release|iPhone.ActiveCfg = Release|Any CPU
		{E7250266-8CC9-4D54-B8AE-89F739C31C4A}.Release|iPhone.Build.0 = Release|Any CPU
		{E7250266-8CC9-4D54-B8AE-89F739C31C4A}.Release|iPhone.Deploy.0 = Release|Any CPU
		{E7250266-8CC9-4D54-B8AE-89F739C31C4A}.Release|iPhoneSimulator.ActiveCfg = Release|Any CPU
		{E7250266-8CC9-4D54-B8AE-89F739C31C4A}.Release|iPhoneSimulator.Build.0 = Release|Any CPU
		{E7250266-8CC9-4D54-B8AE-89F739C31C4A}.Release|iPhoneSimulator.Deploy.0 = Release|Any CPU
	EndGlobalSection
	GlobalSection(SolutionProperties) = preSolution
		HideSolutionNode = FALSE
	EndGlobalSection
	GlobalSection(ExtensibilityGlobals) = postSolution
		SolutionGuid = {EDF5CF35-63CC-49EF-8CAC-3901B437F8D3}
	EndGlobalSection
EndGlobal
